{
  "version": "v1",
  "packages": {
    "grommet-exp": {
      "signature": "982d38cd70a05a35d4cb7aa601990fc2",
      "file": true,
      "replaced": "https://github.com/grommet/grommet-exp/tarball/stable"
    },
    "grommet-exp-theme": {
      "signature": "3177dac31d2abeed2b046e2fba4a850c",
      "file": true,
      "replaced": "https://github.com/grommet/grommet-exp-theme/tarball/stable"
    },
    "hpe-design-tokens": {
      "signature": "a4ae057119ed082d9a10b75fa9f901ed",
      "file": true,
      "replaced": "https://github.com/grommet/hpe-design-tokens/tarball/stable"
    }
  }
}