{
  "version": "v1",
  "packages": {
    "hpe-design-tokens": {
      "signature": "aafd915145a3e5afde7099c57d93a253",
      "file": true
    },
    "grommet-exp-theme": {
      "signature": "68a70adbcfa1228a219ca63eea4eb3b2",
      "file": true
    },
    "grommet-exp": {
      "signature": "e308a461143cfa29c8f50d8f82c07beb",
      "file": true
    }
  }
}